
Microsoft Visual Studio Solution File, Format Version 12.00
# Visual Studio 15
VisualStudioVersion = 15.0.26430.14
MinimumVisualStudioVersion = 10.0.40219.1
Project("{FAE04EC0-301F-11D3-BF4B-00C04F79EFBC}") = "AnonymousCache", "AnonymousCache\AnonymousCache.csproj", "{3A04D5C5-2901-49D1-BD79-7E1ECF8C1E25}"
EndProject
Project("{FAE04EC0-301F-11D3-BF4B-00C04F79EFBC}") = "HornetArmada", "HornetArmada\HornetArmada.csproj", "{3058D0F4-6921-4468-9D6F-F694F1B280C9}"
EndProject
Project("{FAE04EC0-301F-11D3-BF4B-00C04F79EFBC}") = "HornetArmada v2.0", "HornetArmada v2.0\HornetArmada v2.0.csproj", "{C6D70A6E-AA75-4C1D-A7B4-0E36BDE2F67E}"
EndProject
Global
	GlobalSection(SolutionConfigurationPlatforms) = preSolution
		Debug|Any CPU = Debug|Any CPU
		Release|Any CPU = Release|Any CPU
	EndGlobalSection
	GlobalSection(ProjectConfigurationPlatforms) = postSolution
		{3A04D5C5-2901-49D1-BD79-7E1ECF8C1E25}.Debug|Any CPU.ActiveCfg = Debug|Any CPU
		{3A04D5C5-2901-49D1-BD79-7E1ECF8C1E25}.Debug|Any CPU.Build.0 = Debug|Any CPU
		{3A04D5C5-2901-49D1-BD79-7E1ECF8C1E25}.Release|Any CPU.ActiveCfg = Release|Any CPU
		{3A04D5C5-2901-49D1-BD79-7E1ECF8C1E25}.Release|Any CPU.Build.0 = Release|Any CPU
		{3058D0F4-6921-4468-9D6F-F694F1B280C9}.Debug|Any CPU.ActiveCfg = Debug|Any CPU
		{3058D0F4-6921-4468-9D6F-F694F1B280C9}.Debug|Any CPU.Build.0 = Debug|Any CPU
		{3058D0F4-6921-4468-9D6F-F694F1B280C9}.Release|Any CPU.ActiveCfg = Release|Any CPU
		{3058D0F4-6921-4468-9D6F-F694F1B280C9}.Release|Any CPU.Build.0 = Release|Any CPU
		{C6D70A6E-AA75-4C1D-A7B4-0E36BDE2F67E}.Debug|Any CPU.ActiveCfg = Debug|Any CPU
		{C6D70A6E-AA75-4C1D-A7B4-0E36BDE2F67E}.Debug|Any CPU.Build.0 = Debug|Any CPU
		{C6D70A6E-AA75-4C1D-A7B4-0E36BDE2F67E}.Release|Any CPU.ActiveCfg = Release|Any CPU
		{C6D70A6E-AA75-4C1D-A7B4-0E36BDE2F67E}.Release|Any CPU.Build.0 = Release|Any CPU
	EndGlobalSection
	GlobalSection(SolutionProperties) = preSolution
		HideSolutionNode = FALSE
	EndGlobalSection
EndGlobal
